{
    "_meta": {
        "hash": {
            "sha256": "ce5ed9509e4b884b9cf22caeb7e8eb28b7357fdc3f0eba531a8a7cf8e7873b5f"
        },
        "pipfile-spec": 6,
        "requires": {
            "python_version": "3.9"
        },
        "sources": [
            {
                "name": "pypi",
                "url": "https://pypi.org/simple",
                "verify_ssl": true
            }
        ]
    },
    "default": {
        "beautifulsoup4": {
            "hashes": [
                "sha256:58d5c3d29f5a36ffeb94f02f0d786cd53014cf9b3b3951d42e0080d8a9498d30",
                "sha256:ad9aa55b65ef2808eb405f46cf74df7fcb7044d5cbc26487f96eb2ef2e436693"
            ],
            "index": "pypi",
            "version": "==4.11.1"
        },
        "cobble": {
            "hashes": [
                "sha256:52e7f886adbe42ccc3675dd627c87f6db8f22f96b6e0754a9e642ac7dd94fa42"
            ],
            "version": "==0.1.3"
        },
        "mammoth": {
            "hashes": [
                "sha256:72ffe40ecb4e7239898e45263e11bf0b800c9e8ea93ba8b5059f2d163406c11c",
                "sha256:daff303bde4810c50a1c9dfba8c7a1ea3640c606b3f2d95561691376806f20f1"
            ],
            "index": "pypi",
            "version": "==1.5.0"
        },
        "soupsieve": {
            "hashes": [
                "sha256:3b2503d3c7084a42b1ebd08116e5f81aadfaea95863628c80a3b774a11b7c759",
                "sha256:fc53893b3da2c33de295667a0e19f078c14bf86544af307354de5fcf12a3f30d"
            ],
            "markers": "python_version >= '3.6'",
            "version": "==2.3.2.post1"
        }
    },
    "develop": {}
}
